{
  "name": "TagMatrix",
  "lockfileVersion": 3,
  "requires": true,
  "packages": {
    "": {
      "dependencies": {
        "highlight.js": "^11.11.1",
        "marked": "^18.0.3"
      },
      "devDependencies": {
        "@types/highlight.js": "^9.12.4",
        "@types/marked": "^5.0.2"
      }
    },
    "node_modules/@types/highlight.js": {
      "version": "9.12.4",
      "resolved": "https://registry.npmjs.org/@types/highlight.js/-/highlight.js-9.12.4.tgz",
      "integrity": "sha512-t2szdkwmg2JJyuCM20e8kR2X59WCE5Zkl4bzm1u1Oukjm79zpbiAv+QjnwLnuuV0WHEcX2NgUItu0pAMKuOPww==",
      "dev": true,
      "license": "MIT"
    },
    "node_modules/@types/marked": {
      "version": "5.0.2",
      "resolved": "https://registry.npmjs.org/@types/marked/-/marked-5.0.2.tgz",
      "integrity": "sha512-OucS4KMHhFzhz27KxmWg7J+kIYqyqoW5kdIEI319hqARQQUTqhao3M/F+uFnDXD0Rg72iDDZxZNxq5gvctmLlg==",
      "dev": true,
      "license": "MIT"
    },
    "node_modules/highlight.js": {
      "version": "11.11.1",
      "resolved": "https://registry.npmjs.org/highlight.js/-/highlight.js-11.11.1.tgz",
      "integrity": "sha512-Xwwo44whKBVCYoliBQwaPvtd/2tYFkRQtXDWj1nackaV2JPXx3L0+Jvd8/qCJ2p+ML0/XVkJ2q+Mr+UVdpJK5w==",
      "license": "BSD-3-Clause",
      "engines": {
        "node": ">=12.0.0"
      }
    },
    "node_modules/marked": {
      "version": "18.0.3",
      "resolved": "https://registry.npmjs.org/marked/-/marked-18.0.3.tgz",
      "integrity": "sha512-7VT90JOkDeaRWpfjOReRGPEKn0ecdARBkDGL+tT1wZY0efPPqkUxLUSmzy/C7TIylQYJC9STISEsCHrqb/7VIA==",
      "license": "MIT",
      "bin": {
        "marked": "bin/marked.js"
      },
      "engines": {
        "node": ">= 20"
      }
    }
  }
}
